
Microsoft Visual Studio Solution File, Format Version 12.00
# Visual Studio Version 17
VisualStudioVersion = 17.9.34728.123
MinimumVisualStudioVersion = 10.0.40219.1
Project("{2150E333-8FDC-42A3-9474-1A3956D46DE8}") = "1-Presentation", "1-Presentation", "{0E14C5B8-E970-4242-B129-0E894964E6D3}"
EndProject
Project("{2150E333-8FDC-42A3-9474-1A3956D46DE8}") = "2-Domain", "2-Domain", "{8412ADC6-FBD8-4034-B7AC-A53C4187CC74}"
EndProject
Project("{2150E333-8FDC-42A3-9474-1A3956D46DE8}") = "3-Infra", "3-Infra", "{A2237581-5D91-4B58-B63A-DCE4555BB26F}"
EndProject
Project("{2150E333-8FDC-42A3-9474-1A3956D46DE8}") = "3.1-Data", "3.1-Data", "{2AF11C21-77BE-444B-B89D-9A9313576FB4}"
EndProject
Project("{2150E333-8FDC-42A3-9474-1A3956D46DE8}") = "3.2-CrossCutting", "3.2-CrossCutting", "{F8401768-F01D-4363-8BBE-424DF24F7EE6}"
EndProject
Project("{2150E333-8FDC-42A3-9474-1A3956D46DE8}") = "3.2.1-Identity", "3.2.1-Identity", "{E8CDEC74-3252-4BD7-AFB7-2219B2C83E2B}"
EndProject
Project("{2150E333-8FDC-42A3-9474-1A3956D46DE8}") = "3.2.2-IoC", "3.2.2-IoC", "{82279AAD-0C9D-4A43-84A4-54EF79423B1D}"
EndProject
Project("{FAE04EC0-301F-11D3-BF4B-00C04F79EFBC}") = "Point.API", "API.PointNow\Point.API.csproj", "{7040837C-E4E3-4E8A-BC28-4DA8BD245B63}"
EndProject
Project("{FAE04EC0-301F-11D3-BF4B-00C04F79EFBC}") = "Point.Domain", "Domain.PointNow\Point.Domain.csproj", "{66A1CEB2-3AA9-4D7B-A93C-22458D39CDF3}"
EndProject
Project("{FAE04EC0-301F-11D3-BF4B-00C04F79EFBC}") = "Point.Identity", "Identity.PointNow\Point.Identity.csproj", "{419A19AA-3819-40C2-ADC9-4876703B70DE}"
EndProject
Project("{FAE04EC0-301F-11D3-BF4B-00C04F79EFBC}") = "Point.Data", "Data.PointNow\Point.Data.csproj", "{36318C81-E648-4A9F-9A75-41869AAC3219}"
EndProject
Project("{FAE04EC0-301F-11D3-BF4B-00C04F79EFBC}") = "Point.IoC", "IoC.PointNow\Point.IoC.csproj", "{09999F6B-3B67-445C-8882-19C226DC15AC}"
EndProject
Global
	GlobalSection(SolutionConfigurationPlatforms) = preSolution
		Debug|Any CPU = Debug|Any CPU
		Release|Any CPU = Release|Any CPU
	EndGlobalSection
	GlobalSection(ProjectConfigurationPlatforms) = postSolution
		{7040837C-E4E3-4E8A-BC28-4DA8BD245B63}.Debug|Any CPU.ActiveCfg = Debug|Any CPU
		{7040837C-E4E3-4E8A-BC28-4DA8BD245B63}.Debug|Any CPU.Build.0 = Debug|Any CPU
		{7040837C-E4E3-4E8A-BC28-4DA8BD245B63}.Release|Any CPU.ActiveCfg = Release|Any CPU
		{7040837C-E4E3-4E8A-BC28-4DA8BD245B63}.Release|Any CPU.Build.0 = Release|Any CPU
		{66A1CEB2-3AA9-4D7B-A93C-22458D39CDF3}.Debug|Any CPU.ActiveCfg = Debug|Any CPU
		{66A1CEB2-3AA9-4D7B-A93C-22458D39CDF3}.Debug|Any CPU.Build.0 = Debug|Any CPU
		{66A1CEB2-3AA9-4D7B-A93C-22458D39CDF3}.Release|Any CPU.ActiveCfg = Release|Any CPU
		{66A1CEB2-3AA9-4D7B-A93C-22458D39CDF3}.Release|Any CPU.Build.0 = Release|Any CPU
		{419A19AA-3819-40C2-ADC9-4876703B70DE}.Debug|Any CPU.ActiveCfg = Debug|Any CPU
		{419A19AA-3819-40C2-ADC9-4876703B70DE}.Debug|Any CPU.Build.0 = Debug|Any CPU
		{419A19AA-3819-40C2-ADC9-4876703B70DE}.Release|Any CPU.ActiveCfg = Release|Any CPU
		{419A19AA-3819-40C2-ADC9-4876703B70DE}.Release|Any CPU.Build.0 = Release|Any CPU
		{36318C81-E648-4A9F-9A75-41869AAC3219}.Debug|Any CPU.ActiveCfg = Debug|Any CPU
		{36318C81-E648-4A9F-9A75-41869AAC3219}.Debug|Any CPU.Build.0 = Debug|Any CPU
		{36318C81-E648-4A9F-9A75-41869AAC3219}.Release|Any CPU.ActiveCfg = Release|Any CPU
		{36318C81-E648-4A9F-9A75-41869AAC3219}.Release|Any CPU.Build.0 = Release|Any CPU
		{09999F6B-3B67-445C-8882-19C226DC15AC}.Debug|Any CPU.ActiveCfg = Debug|Any CPU
		{09999F6B-3B67-445C-8882-19C226DC15AC}.Debug|Any CPU.Build.0 = Debug|Any CPU
		{09999F6B-3B67-445C-8882-19C226DC15AC}.Release|Any CPU.ActiveCfg = Release|Any CPU
		{09999F6B-3B67-445C-8882-19C226DC15AC}.Release|Any CPU.Build.0 = Release|Any CPU
	EndGlobalSection
	GlobalSection(SolutionProperties) = preSolution
		HideSolutionNode = FALSE
	EndGlobalSection
	GlobalSection(NestedProjects) = preSolution
		{2AF11C21-77BE-444B-B89D-9A9313576FB4} = {A2237581-5D91-4B58-B63A-DCE4555BB26F}
		{F8401768-F01D-4363-8BBE-424DF24F7EE6} = {A2237581-5D91-4B58-B63A-DCE4555BB26F}
		{E8CDEC74-3252-4BD7-AFB7-2219B2C83E2B} = {F8401768-F01D-4363-8BBE-424DF24F7EE6}
		{82279AAD-0C9D-4A43-84A4-54EF79423B1D} = {F8401768-F01D-4363-8BBE-424DF24F7EE6}
		{7040837C-E4E3-4E8A-BC28-4DA8BD245B63} = {0E14C5B8-E970-4242-B129-0E894964E6D3}
		{66A1CEB2-3AA9-4D7B-A93C-22458D39CDF3} = {8412ADC6-FBD8-4034-B7AC-A53C4187CC74}
		{419A19AA-3819-40C2-ADC9-4876703B70DE} = {E8CDEC74-3252-4BD7-AFB7-2219B2C83E2B}
		{36318C81-E648-4A9F-9A75-41869AAC3219} = {2AF11C21-77BE-444B-B89D-9A9313576FB4}
		{09999F6B-3B67-445C-8882-19C226DC15AC} = {82279AAD-0C9D-4A43-84A4-54EF79423B1D}
	EndGlobalSection
	GlobalSection(ExtensibilityGlobals) = postSolution
		SolutionGuid = {443FC18F-48AA-4B31-A801-76809FB43569}
	EndGlobalSection
EndGlobal
